
Microsoft Visual Studio Solution File, Format Version 12.00
# Visual Studio Version 17
VisualStudioVersion = 17.7.34031.279
MinimumVisualStudioVersion = 10.0.40219.1
Project("{FAE04EC0-301F-11D3-BF4B-00C04F79EFBC}") = "RestauradorBackupFORMS", "RestauradorBackupFORMS\RestauradorBackupFORMS.csproj", "{7A7DF856-042E-458A-95B5-7261C0C4DE82}"
EndProject
Global
	GlobalSection(SolutionConfigurationPlatforms) = preSolution
		Debug|Any CPU = Debug|Any CPU
		Debug|x64 = Debug|x64
		Release|Any CPU = Release|Any CPU
		Release|x64 = Release|x64
		source|Any CPU = source|Any CPU
		source|x64 = source|x64
	EndGlobalSection
	GlobalSection(ProjectConfigurationPlatforms) = postSolution
		{7A7DF856-042E-458A-95B5-7261C0C4DE82}.Debug|Any CPU.ActiveCfg = Debug|Any CPU
		{7A7DF856-042E-458A-95B5-7261C0C4DE82}.Debug|Any CPU.Build.0 = Debug|Any CPU
		{7A7DF856-042E-458A-95B5-7261C0C4DE82}.Debug|x64.ActiveCfg = Debug|x64
		{7A7DF856-042E-458A-95B5-7261C0C4DE82}.Debug|x64.Build.0 = Debug|x64
		{7A7DF856-042E-458A-95B5-7261C0C4DE82}.Release|Any CPU.ActiveCfg = Release|Any CPU
		{7A7DF856-042E-458A-95B5-7261C0C4DE82}.Release|Any CPU.Build.0 = Release|Any CPU
		{7A7DF856-042E-458A-95B5-7261C0C4DE82}.Release|x64.ActiveCfg = Release|x64
		{7A7DF856-042E-458A-95B5-7261C0C4DE82}.Release|x64.Build.0 = Release|x64
		{7A7DF856-042E-458A-95B5-7261C0C4DE82}.source|Any CPU.ActiveCfg = source|Any CPU
		{7A7DF856-042E-458A-95B5-7261C0C4DE82}.source|Any CPU.Build.0 = source|Any CPU
		{7A7DF856-042E-458A-95B5-7261C0C4DE82}.source|x64.ActiveCfg = source|x64
		{7A7DF856-042E-458A-95B5-7261C0C4DE82}.source|x64.Build.0 = source|x64
	EndGlobalSection
	GlobalSection(SolutionProperties) = preSolution
		HideSolutionNode = FALSE
	EndGlobalSection
	GlobalSection(ExtensibilityGlobals) = postSolution
		SolutionGuid = {2BFE212E-8F65-4A9B-83C9-14A28221D3BC}
	EndGlobalSection
EndGlobal
